<?xml version="1.0" encoding="utf-8"?>
<Project ToolsVersion="4.0" xmlns="http://schemas.microsoft.com/developer/msbuild/2003">
  <ItemGroup>
    <Filter Include="Source Files">
      <UniqueIdentifier>{4FC737F1-C7A5-4376-A066-2A32D752A2FF}</UniqueIdentifier>
      <Extensions>cpp;c;cc;cxx;def;odl;idl;hpj;bat;asm;asmx</Extensions>
    </Filter>
    <Filter Include="Header Files">
      <UniqueIdentifier>{93995380-89BD-4b04-88EB-625FBE52EBFB}</UniqueIdentifier>
      <Extensions>h;hh;hpp;hxx;hm;inl;inc;ipp;xsd</Extensions>
    </Filter>
    <Filter Include="Resource Files">
      <UniqueIdentifier>{67DA6AB6-F800-4c08-8B7A-83BB121AAD01}</UniqueIdentifier>
      <Extensions>rc;ico;cur;bmp;dlg;rc2;rct;bin;rgs;gif;jpg;jpeg;jpe;resx;tiff;tif;png;wav;mfcribbon-ms</Extensions>
    </Filter>
    <Filter Include="Generated Files">
      <UniqueIdentifier>{f416e56b-0e45-4885-85aa-b4532bc3168e}</UniqueIdentifier>
      <SourceControlFiles>False</SourceControlFiles>
    </Filter>
    <Filter Include="Resource Files\Icons">
      <UniqueIdentifier>{9b9de1aa-f9e0-4bc1-8180-196a8c212c2f}</UniqueIdentifier>
    </Filter>
    <Filter Include="Resource Files\IconOverlays">
      <UniqueIdentifier>{59f63b21-9ba9-4277-9a47-32cf4cb3fad4}</UniqueIdentifier>
    </Filter>
  </ItemGroup>
  <ItemGroup>
    <ClCompile Include="stdafx.cpp">
      <Filter>Source Files</Filter>
    </ClCompile>
    <ClCompile Include="IconOverlays.cpp">
      <Filter>Source Files</Filter>
    </ClCompile>
    <ClCompile Include="dllmain.cpp">
      <Filter>Source Files</Filter>
    </ClCompile>
    <ClCompile Include="IconOverlays_i.c">
      <Filter>Generated Files</Filter>
    </ClCompile>
    <ClCompile Include="IconOverlayBase.cpp">
      <Filter>Source Files</Filter>
    </ClCompile>
    <ClCompile Include="IconOverlaysComposed.cpp">
      <Filter>Source Files</Filter>
    </ClCompile>
  </ItemGroup>
  <ItemGroup>
    <ClInclude Include="stdafx.h">
      <Filter>Header Files</Filter>
    </ClInclude>
    <ClInclude Include="targetver.h">
      <Filter>Header Files</Filter>
    </ClInclude>
    <ClInclude Include="Resource.h">
      <Filter>Header Files</Filter>
    </ClInclude>
    <ClInclude Include="dllmain.h">
      <Filter>Header Files</Filter>
    </ClInclude>
    <ClInclude Include="IconOverlays_i.h">
      <Filter>Generated Files</Filter>
    </ClInclude>
    <ClInclude Include="IconOverlayBase.h">
      <Filter>Header Files</Filter>
    </ClInclude>
    <ClInclude Include="IconOverlayDefinition.h">
      <Filter>Header Files</Filter>
    </ClInclude>
  </ItemGroup>
  <ItemGroup>
    <ResourceCompile Include="IconOverlays.rc">
      <Filter>Resource Files</Filter>
    </ResourceCompile>
  </ItemGroup>
  <ItemGroup>
    <None Include="IconOverlays.rgs">
      <Filter>Resource Files</Filter>
    </None>
    <None Include="IconOverlays.def">
      <Filter>Source Files</Filter>
    </None>
    <None Include="IconOverlay1.rgs">
      <Filter>Resource Files\IconOverlays</Filter>
    </None>
    <None Include="IconOverlay2.rgs">
      <Filter>Resource Files\IconOverlays</Filter>
    </None>
    <None Include="IconOverlay3.rgs">
      <Filter>Resource Files\IconOverlays</Filter>
    </None>
    <None Include="IconOverlay4.rgs">
      <Filter>Resource Files\IconOverlays</Filter>
    </None>
    <None Include="IconOverlay5.rgs">
      <Filter>Resource Files\IconOverlays</Filter>
    </None>
    <None Include="IconOverlay6.rgs">
      <Filter>Resource Files\IconOverlays</Filter>
    </None>
    <None Include="IconOverlay7.rgs">
      <Filter>Resource Files\IconOverlays</Filter>
    </None>
    <None Include="IconOverlay8.rgs">
      <Filter>Resource Files\IconOverlays</Filter>
    </None>
    <None Include="IconOverlay9.rgs">
      <Filter>Resource Files\IconOverlays</Filter>
    </None>
    <None Include="IconOverlay10.rgs">
      <Filter>Resource Files\IconOverlays</Filter>
    </None>
    <None Include="IconOverlay11.rgs">
      <Filter>Resource Files\IconOverlays</Filter>
    </None>
    <None Include="IconOverlay12.rgs">
      <Filter>Resource Files\IconOverlays</Filter>
    </None>
    <None Include="IconOverlay13.rgs">
      <Filter>Resource Files\IconOverlays</Filter>
    </None>
    <None Include="IconOverlay14.rgs">
      <Filter>Resource Files\IconOverlays</Filter>
    </None>
    <None Include="IconOverlay15.rgs">
      <Filter>Resource Files\IconOverlays</Filter>
    </None>
    <None Include="IconOverlay16.rgs">
      <Filter>Resource Files\IconOverlays</Filter>
    </None>
    <None Include="IconOverlay17.rgs">
      <Filter>Resource Files\IconOverlays</Filter>
    </None>
    <None Include="IconOverlay18.rgs">
      <Filter>Resource Files\IconOverlays</Filter>
    </None>
    <None Include="IconOverlay19.rgs">
      <Filter>Resource Files\IconOverlays</Filter>
    </None>
    <None Include="IconOverlay20.rgs">
      <Filter>Resource Files\IconOverlays</Filter>
    </None>
    <None Include="IconOverlay21.rgs">
      <Filter>Resource Files\IconOverlays</Filter>
    </None>
    <None Include="IconOverlay22.rgs">
      <Filter>Resource Files\IconOverlays</Filter>
    </None>
  </ItemGroup>
  <ItemGroup>
    <Midl Include="IconOverlays.idl">
      <Filter>Source Files</Filter>
    </Midl>
  </ItemGroup>
  <ItemGroup>
    <Image Include="..\resources\1.ico">
      <Filter>Resource Files\Icons</Filter>
    </Image>
    <Image Include="..\resources\2.ico">
      <Filter>Resource Files\Icons</Filter>
    </Image>
    <Image Include="..\resources\3.ico">
      <Filter>Resource Files\Icons</Filter>
    </Image>
    <Image Include="..\resources\4.ico">
      <Filter>Resource Files\Icons</Filter>
    </Image>
    <Image Include="..\resources\5.ico">
      <Filter>Resource Files\Icons</Filter>
    </Image>
    <Image Include="..\resources\6.ico">
      <Filter>Resource Files\Icons</Filter>
    </Image>
    <Image Include="..\resources\7.ico">
      <Filter>Resource Files\Icons</Filter>
    </Image>
    <Image Include="..\resources\8.ico">
      <Filter>Resource Files\Icons</Filter>
    </Image>
    <Image Include="..\resources\9.ico">
      <Filter>Resource Files\Icons</Filter>
    </Image>
    <Image Include="..\resources\10.ico">
      <Filter>Resource Files\Icons</Filter>
    </Image>
    <Image Include="..\resources\11.ico">
      <Filter>Resource Files\Icons</Filter>
    </Image>
    <Image Include="..\resources\12.ico">
      <Filter>Resource Files\Icons</Filter>
    </Image>
    <Image Include="..\resources\13.ico">
      <Filter>Resource Files\Icons</Filter>
    </Image>
    <Image Include="..\resources\14.ico">
      <Filter>Resource Files\Icons</Filter>
    </Image>
    <Image Include="..\resources\15.ico">
      <Filter>Resource Files\Icons</Filter>
    </Image>
    <Image Include="..\resources\16.ico">
      <Filter>Resource Files\Icons</Filter>
    </Image>
    <Image Include="..\resources\17.ico">
      <Filter>Resource Files\Icons</Filter>
    </Image>
    <Image Include="..\resources\18.ico">
      <Filter>Resource Files\Icons</Filter>
    </Image>
    <Image Include="..\resources\19.ico">
      <Filter>Resource Files\Icons</Filter>
    </Image>
    <Image Include="..\resources\20.ico">
      <Filter>Resource Files\Icons</Filter>
    </Image>
    <Image Include="..\resources\21.ico">
      <Filter>Resource Files\Icons</Filter>
    </Image>
    <Image Include="..\resources\22.ico">
      <Filter>Resource Files\Icons</Filter>
    </Image>
  </ItemGroup>
</Project>